
Microsoft Visual Studio Solution File, Format Version 12.00
# Visual Studio Version 17
VisualStudioVersion = 17.7.34024.191
MinimumVisualStudioVersion = 10.0.40219.1
Project("{FAE04EC0-301F-11D3-BF4B-00C04F79EFBC}") = "TrekordApp", "TrekordApp.csproj", "{86ADE76C-E7AE-490E-A04D-82E263B6DF57}"
EndProject
Global
	GlobalSection(SolutionConfigurationPlatforms) = preSolution
		Debug|Any CPU = Debug|Any CPU
		Release|Any CPU = Release|Any CPU
	EndGlobalSection
	GlobalSection(ProjectConfigurationPlatforms) = postSolution
		{86ADE76C-E7AE-490E-A04D-82E263B6DF57}.Debug|Any CPU.ActiveCfg = Debug|Any CPU
		{86ADE76C-E7AE-490E-A04D-82E263B6DF57}.Debug|Any CPU.Build.0 = Debug|Any CPU
		{86ADE76C-E7AE-490E-A04D-82E263B6DF57}.Debug|Any CPU.Deploy.0 = Debug|Any CPU
		{86ADE76C-E7AE-490E-A04D-82E263B6DF57}.Release|Any CPU.ActiveCfg = Release|Any CPU
		{86ADE76C-E7AE-490E-A04D-82E263B6DF57}.Release|Any CPU.Build.0 = Release|Any CPU
		{86ADE76C-E7AE-490E-A04D-82E263B6DF57}.Release|Any CPU.Deploy.0 = Release|Any CPU
	EndGlobalSection
	GlobalSection(SolutionProperties) = preSolution
		HideSolutionNode = FALSE
	EndGlobalSection
	GlobalSection(ExtensibilityGlobals) = postSolution
		SolutionGuid = {D9C6889C-6C5A-483C-AD7F-C3E99E01A293}
	EndGlobalSection
EndGlobal
